<?xml version="1.0" encoding="utf-8"?>
<Project ToolsVersion="4.0" xmlns="http://schemas.microsoft.com/developer/msbuild/2003">
  <ItemGroup>
    <ClCompile Include="..\..\Searchthing\Direction.cpp">
      <Filter>src</Filter>
    </ClCompile>
    <ClCompile Include="..\..\Searchthing\Grid.cpp">
      <Filter>src</Filter>
    </ClCompile>
    <ClCompile Include="..\..\Searchthing\GridAStarSearch.cpp">
      <Filter>src</Filter>
    </ClCompile>
    <ClCompile Include="..\..\Searchthing\GridBreadthFirstSearch.cpp">
      <Filter>src</Filter>
    </ClCompile>
    <ClCompile Include="..\..\Searchthing\GridDepthFirstSearch.cpp">
      <Filter>src</Filter>
    </ClCompile>
    <ClCompile Include="..\..\Searchthing\GridElement.cpp">
      <Filter>src</Filter>
    </ClCompile>
    <ClCompile Include="..\..\Searchthing\GridGreedySearch.cpp">
      <Filter>src</Filter>
    </ClCompile>
    <ClCompile Include="..\..\Searchthing\GridJailGenerator.cpp">
      <Filter>src</Filter>
    </ClCompile>
    <ClCompile Include="..\..\Searchthing\GridMazeGenerator.cpp">
      <Filter>src</Filter>
    </ClCompile>
    <ClCompile Include="..\..\Searchthing\GridObstacleGenerator.cpp">
      <Filter>src</Filter>
    </ClCompile>
    <ClCompile Include="..\..\Searchthing\GridRoomGenerator.cpp">
      <Filter>src</Filter>
    </ClCompile>
    <ClCompile Include="..\..\Searchthing\main.cpp">
      <Filter>src</Filter>
    </ClCompile>
    <ClCompile Include="..\..\Searchthing\ofApp.cpp">
      <Filter>src</Filter>
    </ClCompile>
    <ClCompile Include="..\..\Searchthing\util.cpp">
      <Filter>src</Filter>
    </ClCompile>
  </ItemGroup>
  <ItemGroup>
    <Filter Include="src">
      <UniqueIdentifier>{d8376475-7454-4a24-b08a-aac121d3ad6f}</UniqueIdentifier>
    </Filter>
  </ItemGroup>
  <ItemGroup>
    <ClInclude Include="..\..\Searchthing\constants.h">
      <Filter>src</Filter>
    </ClInclude>
    <ClInclude Include="..\..\Searchthing\Direction.hpp">
      <Filter>src</Filter>
    </ClInclude>
    <ClInclude Include="..\..\Searchthing\Grid.hpp">
      <Filter>src</Filter>
    </ClInclude>
    <ClInclude Include="..\..\Searchthing\GridElement.hpp">
      <Filter>src</Filter>
    </ClInclude>
    <ClInclude Include="..\..\Searchthing\ofApp.h">
      <Filter>src</Filter>
    </ClInclude>
    <ClInclude Include="..\..\Searchthing\PriorityQueue.hpp">
      <Filter>src</Filter>
    </ClInclude>
    <ClInclude Include="..\..\Searchthing\util.hpp">
      <Filter>src</Filter>
    </ClInclude>
  </ItemGroup>
  <ItemGroup>
    <ResourceCompile Include="icon.rc" />
  </ItemGroup>
</Project>